
Microsoft Visual Studio Solution File, Format Version 12.00
# Visual Studio Version 17
VisualStudioVersion = 17.3.32922.545
MinimumVisualStudioVersion = 10.0.40219.1
Project("{9A19103F-16F7-4668-BE54-9A1E7A4F7556}") = "Restoranas", "Restoranas\Restoranas.csproj", "{11BA00F6-C8DE-403E-A3BD-0E316CAB974C}"
EndProject
Project("{FAE04EC0-301F-11D3-BF4B-00C04F79EFBC}") = "CekiuSpausdinimas", "CekiuSpausdinimas\CekiuSpausdinimas.csproj", "{EA7B49D2-5536-4C5F-95B5-3059F3990B07}"
EndProject
Global
	GlobalSection(SolutionConfigurationPlatforms) = preSolution
		Debug|Any CPU = Debug|Any CPU
		Release|Any CPU = Release|Any CPU
	EndGlobalSection
	GlobalSection(ProjectConfigurationPlatforms) = postSolution
		{11BA00F6-C8DE-403E-A3BD-0E316CAB974C}.Debug|Any CPU.ActiveCfg = Debug|Any CPU
		{11BA00F6-C8DE-403E-A3BD-0E316CAB974C}.Debug|Any CPU.Build.0 = Debug|Any CPU
		{11BA00F6-C8DE-403E-A3BD-0E316CAB974C}.Release|Any CPU.ActiveCfg = Release|Any CPU
		{11BA00F6-C8DE-403E-A3BD-0E316CAB974C}.Release|Any CPU.Build.0 = Release|Any CPU
		{EA7B49D2-5536-4C5F-95B5-3059F3990B07}.Debug|Any CPU.ActiveCfg = Debug|Any CPU
		{EA7B49D2-5536-4C5F-95B5-3059F3990B07}.Debug|Any CPU.Build.0 = Debug|Any CPU
		{EA7B49D2-5536-4C5F-95B5-3059F3990B07}.Release|Any CPU.ActiveCfg = Release|Any CPU
		{EA7B49D2-5536-4C5F-95B5-3059F3990B07}.Release|Any CPU.Build.0 = Release|Any CPU
	EndGlobalSection
	GlobalSection(SolutionProperties) = preSolution
		HideSolutionNode = FALSE
	EndGlobalSection
	GlobalSection(ExtensibilityGlobals) = postSolution
		SolutionGuid = {5492EDAA-2FA0-49D4-89EC-4CB2A389DD39}
	EndGlobalSection
EndGlobal
